
Microsoft Visual Studio Solution File, Format Version 12.00
# Visual Studio Version 16
VisualStudioVersion = 16.0.29806.167
MinimumVisualStudioVersion = 10.0.40219.1
Project("{FAE04EC0-301F-11D3-BF4B-00C04F79EFBC}") = "bonusRoundList2", "bonusRoundList2.csproj", "{E2D19370-A76A-45C3-BA78-8CF2BD58BBC8}"
EndProject
Global
	GlobalSection(SolutionConfigurationPlatforms) = preSolution
		Debug|Any CPU = Debug|Any CPU
		Release|Any CPU = Release|Any CPU
	EndGlobalSection
	GlobalSection(ProjectConfigurationPlatforms) = postSolution
		{E2D19370-A76A-45C3-BA78-8CF2BD58BBC8}.Debug|Any CPU.ActiveCfg = Debug|Any CPU
		{E2D19370-A76A-45C3-BA78-8CF2BD58BBC8}.Debug|Any CPU.Build.0 = Debug|Any CPU
		{E2D19370-A76A-45C3-BA78-8CF2BD58BBC8}.Release|Any CPU.ActiveCfg = Release|Any CPU
		{E2D19370-A76A-45C3-BA78-8CF2BD58BBC8}.Release|Any CPU.Build.0 = Release|Any CPU
	EndGlobalSection
	GlobalSection(SolutionProperties) = preSolution
		HideSolutionNode = FALSE
	EndGlobalSection
	GlobalSection(ExtensibilityGlobals) = postSolution
		SolutionGuid = {8684CF3D-AF75-40B8-B0A7-04D293FD21CC}
	EndGlobalSection
EndGlobal
