
Microsoft Visual Studio Solution File, Format Version 12.00
# Visual Studio Version 16
VisualStudioVersion = 16.0.29411.108
MinimumVisualStudioVersion = 10.0.40219.1
Project("{9A19103F-16F7-4668-BE54-9A1E7A4F7556}") = "VariablesPrint", "VariablesPrint.csproj", "{6704917B-0C6C-47E0-BFA2-76CB211AEFDE}"
EndProject
Global
	GlobalSection(SolutionConfigurationPlatforms) = preSolution
		Debug|Any CPU = Debug|Any CPU
		Release|Any CPU = Release|Any CPU
	EndGlobalSection
	GlobalSection(ProjectConfigurationPlatforms) = postSolution
		{6704917B-0C6C-47E0-BFA2-76CB211AEFDE}.Debug|Any CPU.ActiveCfg = Debug|Any CPU
		{6704917B-0C6C-47E0-BFA2-76CB211AEFDE}.Debug|Any CPU.Build.0 = Debug|Any CPU
		{6704917B-0C6C-47E0-BFA2-76CB211AEFDE}.Release|Any CPU.ActiveCfg = Release|Any CPU
		{6704917B-0C6C-47E0-BFA2-76CB211AEFDE}.Release|Any CPU.Build.0 = Release|Any CPU
	EndGlobalSection
	GlobalSection(SolutionProperties) = preSolution
		HideSolutionNode = FALSE
	EndGlobalSection
	GlobalSection(ExtensibilityGlobals) = postSolution
		SolutionGuid = {CAD92D65-D7C3-410D-92AC-3308CA5F3990}
	EndGlobalSection
EndGlobal
